
Microsoft Visual Studio Solution File, Format Version 12.00
# Visual Studio Version 17
VisualStudioVersion = 17.1.32228.430
MinimumVisualStudioVersion = 10.0.40219.1
Project("{FAE04EC0-301F-11D3-BF4B-00C04F79EFBC}") = "MvcMovie", "MvcMovie\MvcMovie.csproj", "{A2339EC7-623D-4D18-A750-C52BF1F49F64}"
EndProject
Global
	GlobalSection(SolutionConfigurationPlatforms) = preSolution
		Debug|Any CPU = Debug|Any CPU
		Release|Any CPU = Release|Any CPU
	EndGlobalSection
	GlobalSection(ProjectConfigurationPlatforms) = postSolution
		{A2339EC7-623D-4D18-A750-C52BF1F49F64}.Debug|Any CPU.ActiveCfg = Debug|Any CPU
		{A2339EC7-623D-4D18-A750-C52BF1F49F64}.Debug|Any CPU.Build.0 = Debug|Any CPU
		{A2339EC7-623D-4D18-A750-C52BF1F49F64}.Release|Any CPU.ActiveCfg = Release|Any CPU
		{A2339EC7-623D-4D18-A750-C52BF1F49F64}.Release|Any CPU.Build.0 = Release|Any CPU
	EndGlobalSection
	GlobalSection(SolutionProperties) = preSolution
		HideSolutionNode = FALSE
	EndGlobalSection
	GlobalSection(ExtensibilityGlobals) = postSolution
		SolutionGuid = {3AF42440-694A-4CC2-8828-C57D8ED168C2}
	EndGlobalSection
EndGlobal
